
Microsoft Visual Studio Solution File, Format Version 12.00
# Visual Studio Version 17
VisualStudioVersion = 17.8.34330.188
MinimumVisualStudioVersion = 10.0.40219.1
Project("{FAE04EC0-301F-11D3-BF4B-00C04F79EFBC}") = "PaymentApi", "PaymentApi.csproj", "{8B8C7C5F-68B3-4903-A793-E76B2AE47540}"
EndProject
Global
	GlobalSection(SolutionConfigurationPlatforms) = preSolution
		Debug|Any CPU = Debug|Any CPU
		Release|Any CPU = Release|Any CPU
	EndGlobalSection
	GlobalSection(ProjectConfigurationPlatforms) = postSolution
		{8B8C7C5F-68B3-4903-A793-E76B2AE47540}.Debug|Any CPU.ActiveCfg = Debug|Any CPU
		{8B8C7C5F-68B3-4903-A793-E76B2AE47540}.Debug|Any CPU.Build.0 = Debug|Any CPU
		{8B8C7C5F-68B3-4903-A793-E76B2AE47540}.Release|Any CPU.ActiveCfg = Release|Any CPU
		{8B8C7C5F-68B3-4903-A793-E76B2AE47540}.Release|Any CPU.Build.0 = Release|Any CPU
	EndGlobalSection
	GlobalSection(SolutionProperties) = preSolution
		HideSolutionNode = FALSE
	EndGlobalSection
	GlobalSection(ExtensibilityGlobals) = postSolution
		SolutionGuid = {CF25EF3E-5DCC-4A3E-9BFE-8C665929CA30}
	EndGlobalSection
EndGlobal
